
Microsoft Visual Studio Solution File, Format Version 12.00
# Visual Studio 15
VisualStudioVersion = 15.0.28010.2050
MinimumVisualStudioVersion = 10.0.40219.1
Project("{FAE04EC0-301F-11D3-BF4B-00C04F79EFBC}") = "Licorn", "Licorn\Licorn.csproj", "{45FDEA5A-E3F0-4EDC-99E1-E4E8BDE3368F}"
EndProject
Global
	GlobalSection(SolutionConfigurationPlatforms) = preSolution
		Debug|Any CPU = Debug|Any CPU
		Release|Any CPU = Release|Any CPU
	EndGlobalSection
	GlobalSection(ProjectConfigurationPlatforms) = postSolution
		{45FDEA5A-E3F0-4EDC-99E1-E4E8BDE3368F}.Debug|Any CPU.ActiveCfg = Debug|Any CPU
		{45FDEA5A-E3F0-4EDC-99E1-E4E8BDE3368F}.Debug|Any CPU.Build.0 = Debug|Any CPU
		{45FDEA5A-E3F0-4EDC-99E1-E4E8BDE3368F}.Release|Any CPU.ActiveCfg = Release|Any CPU
		{45FDEA5A-E3F0-4EDC-99E1-E4E8BDE3368F}.Release|Any CPU.Build.0 = Release|Any CPU
	EndGlobalSection
	GlobalSection(SolutionProperties) = preSolution
		HideSolutionNode = FALSE
	EndGlobalSection
	GlobalSection(ExtensibilityGlobals) = postSolution
		SolutionGuid = {98967DDA-1E49-4426-B2F5-39CAC29F0697}
	EndGlobalSection
EndGlobal
